# THIS IS AN AUTOGENERATED FILE. DO NOT EDIT THIS FILE DIRECTLY.
# yarn lockfile v1


"@babel/plugin-transform-regenerator@^7.4.0":
  version "7.4.0"
  resolved "https://registry.yarnpkg.com/@babel/plugin-transform-regenerator/-/plugin-transform-regenerator-7.4.0.tgz#0780e27ee458cc3fdbad18294d703e972ae1f6d1"
  integrity sha512-SZ+CgL4F0wm4npojPU6swo/cK4FcbLgxLd4cWpHaNXY/NJ2dpahODCqBbAwb2rDmVszVb3SSjnk9/vik3AYdBw==
  dependencies:
    regenerator-transform "^0.13.4"

private@^0.1.6:
  version "0.1.8"
  resolved "https://registry.yarnpkg.com/private/-/private-0.1.8.tgz#2381edb3689f7a53d653190060fcf822d2f368ff"
  integrity sha512-VvivMrbvd2nKkiG38qjULzlc+4Vx4wm/whI9pQD35YrARNnhxeiRktSOhSukRLFNlzg6Br/cJPet5J/u19r/mg==

regenerator-transform@^0.13.4:
  version "0.13.4"
  resolved "https://registry.yarnpkg.com/regenerator-transform/-/regenerator-transform-0.13.4.tgz#18f6763cf1382c69c36df76c6ce122cc694284fb"
  integrity sha512-T0QMBjK3J0MtxjPmdIMXm72Wvj2Abb0Bd4HADdfijwMdoIsyQZ6fWC7kDFhk2YinBBEMZDL7Y7wh0J1sGx3S4A==
  dependencies:
    private "^0.1.6"
